{
  "name": "json-linter",
  "version": "1.0.0",
  "lockfileVersion": 1,
  "requires": true,
  "dependencies": {
    "@types/node": {
      "version": "13.1.4",
      "resolved": "https://registry.npmjs.org/@types/node/-/node-13.1.4.tgz",
      "integrity": "sha512-Lue/mlp2egZJoHXZr4LndxDAd7i/7SQYhV0EjWfb/a4/OZ6tuVwMCVPiwkU5nsEipxEf7hmkSU7Em5VQ8P5NGA==",
      "dev": true
    },
    "stratter": {
      "version": "1.0.1",
      "resolved": "https://registry.npmjs.org/stratter/-/stratter-1.0.1.tgz",
      "integrity": "sha512-6V97lw5jDtOvLpttTKmzSlTwPt0cugJ8wAIhCbEE8eFookjRhaBMr6GR4kw5+H3fPZR7P9vmjZK8JdDh6Qwndg=="
    }
  }
}
